
Microsoft Visual Studio Solution File, Format Version 12.00
# Visual Studio Version 17
VisualStudioVersion = 17.14.36221.1 d17.14
MinimumVisualStudioVersion = 10.0.40219.1
Project("{FAE04EC0-301F-11D3-BF4B-00C04F79EFBC}") = "e-commerce", "e-commerce\e-commerce.csproj", "{98234CB3-6D88-40F5-87AC-86B71A26071C}"
EndProject
Global
	GlobalSection(SolutionConfigurationPlatforms) = preSolution
		Debug|Any CPU = Debug|Any CPU
		Release|Any CPU = Release|Any CPU
	EndGlobalSection
	GlobalSection(ProjectConfigurationPlatforms) = postSolution
		{98234CB3-6D88-40F5-87AC-86B71A26071C}.Debug|Any CPU.ActiveCfg = Debug|Any CPU
		{98234CB3-6D88-40F5-87AC-86B71A26071C}.Debug|Any CPU.Build.0 = Debug|Any CPU
		{98234CB3-6D88-40F5-87AC-86B71A26071C}.Release|Any CPU.ActiveCfg = Release|Any CPU
		{98234CB3-6D88-40F5-87AC-86B71A26071C}.Release|Any CPU.Build.0 = Release|Any CPU
	EndGlobalSection
	GlobalSection(SolutionProperties) = preSolution
		HideSolutionNode = FALSE
	EndGlobalSection
	GlobalSection(ExtensibilityGlobals) = postSolution
		SolutionGuid = {3DDEDBDD-8A53-4B26-88D5-61819705357D}
	EndGlobalSection
EndGlobal
